
Microsoft Visual Studio Solution File, Format Version 12.00
# Visual Studio Version 17
VisualStudioVersion = 17.9.34728.123
MinimumVisualStudioVersion = 10.0.40219.1
Project("{FAE04EC0-301F-11D3-BF4B-00C04F79EFBC}") = "SimpleFTP", "SimpleFTP.csproj", "{73F9116F-3310-4FBC-9180-218BBC9821D9}"
EndProject
Global
	GlobalSection(SolutionConfigurationPlatforms) = preSolution
		Debug|Any CPU = Debug|Any CPU
		Release|Any CPU = Release|Any CPU
	EndGlobalSection
	GlobalSection(ProjectConfigurationPlatforms) = postSolution
		{73F9116F-3310-4FBC-9180-218BBC9821D9}.Debug|Any CPU.ActiveCfg = Debug|Any CPU
		{73F9116F-3310-4FBC-9180-218BBC9821D9}.Debug|Any CPU.Build.0 = Debug|Any CPU
		{73F9116F-3310-4FBC-9180-218BBC9821D9}.Release|Any CPU.ActiveCfg = Release|Any CPU
		{73F9116F-3310-4FBC-9180-218BBC9821D9}.Release|Any CPU.Build.0 = Release|Any CPU
	EndGlobalSection
	GlobalSection(SolutionProperties) = preSolution
		HideSolutionNode = FALSE
	EndGlobalSection
	GlobalSection(ExtensibilityGlobals) = postSolution
		SolutionGuid = {B021590A-9507-4D93-A044-4B5A49D7B959}
	EndGlobalSection
EndGlobal
